{
  "version": "5",
  "specifiers": {
    "jsr:@std/assert@^1.0.17": "1.0.18",
    "jsr:@std/assert@^1.0.18": "1.0.18",
    "jsr:@std/fmt@^1.0.5": "1.0.8",
    "jsr:@std/fs@^1.0.11": "1.0.19",
    "jsr:@std/internal@^1.0.12": "1.0.12",
    "jsr:@std/io@~0.225.2": "0.225.2",
    "jsr:@std/log@~0.224.14": "0.224.14",
    "jsr:@std/testing@^1.0.17": "1.0.17",
    "npm:@opentelemetry/api-logs@0.221.0": "0.221.0",
    "npm:@opentelemetry/api@1.9.0": "1.9.0",
    "npm:@opentelemetry/exporter-logs-otlp-http@0.221.0": "0.221.0_@opentelemetry+api@1.9.0",
    "npm:@opentelemetry/resources@2.10.0": "2.10.0_@opentelemetry+api@1.9.0",
    "npm:@opentelemetry/sdk-logs@0.221.0": "0.221.0_@opentelemetry+api@1.9.0",
    "npm:@opentelemetry/semantic-conventions@1.39.0": "1.39.0"
  },
  "jsr": {
    "@std/assert@1.0.18": {
      "integrity": "270245e9c2c13b446286de475131dc688ca9abcd94fc5db41d43a219b34d1c78",
      "dependencies": [
        "jsr:@std/internal"
      ]
    },
    "@std/fmt@1.0.8": {
      "integrity": "71e1fc498787e4434d213647a6e43e794af4fd393ef8f52062246e06f7e372b7"
    },
    "@std/fs@1.0.19": {
      "integrity": "051968c2b1eae4d2ea9f79a08a3845740ef6af10356aff43d3e2ef11ed09fb06"
    },
    "@std/internal@1.0.12": {
      "integrity": "972a634fd5bc34b242024402972cd5143eac68d8dffaca5eaa4dba30ce17b027"
    },
    "@std/io@0.225.2": {
      "integrity": "3c740cd4ee4c082e6cfc86458f47e2ab7cb353dc6234d5e9b1f91a2de5f4d6c7"
    },
    "@std/log@0.224.14": {
      "integrity": "257f7adceee3b53bb2bc86c7242e7d1bc59729e57d4981c4a7e5b876c808f05e",
      "dependencies": [
        "jsr:@std/fmt",
        "jsr:@std/fs",
        "jsr:@std/io"
      ]
    },
    "@std/testing@1.0.17": {
      "integrity": "87bdc2700fa98249d48a17cd72413352d3d3680dcfbdb64947fd0982d6bbf681",
      "dependencies": [
        "jsr:@std/assert@^1.0.17",
        "jsr:@std/internal"
      ]
    }
  },
  "npm": {
    "@opentelemetry/api-logs@0.221.0": {
      "integrity": "sha512-OlanaW1vv7ufTqQ3/fPLI4arGt5ZoM+P8abOMki6uEYnpRazepSWDwDnnw+la7kE26SHVC18//SMccrDvLKOXQ==",
      "dependencies": [
        "@opentelemetry/api"
      ]
    },
    "@opentelemetry/api@1.9.0": {
      "integrity": "sha512-3giAOQvZiH5F9bMlMiv8+GSPMeqg0dbaeo58/0SlA9sxSqZhnUtxzX9/2FzyhS9sWQf5S0GJE0AKBrFqjpeYcg=="
    },
    "@opentelemetry/core@2.10.0_@opentelemetry+api@1.9.0": {
      "integrity": "sha512-/wNZ8twnEQQA4HoHu22+vcsdru6pWPWxW+7w+FlxT6Id7PE/WIbZmVKkte+PF72e0F2dnImFeHD2syyE1Mw6MQ==",
      "dependencies": [
        "@opentelemetry/api",
        "@opentelemetry/semantic-conventions"
      ]
    },
    "@opentelemetry/exporter-logs-otlp-http@0.221.0_@opentelemetry+api@1.9.0": {
      "integrity": "sha512-nKXkr4Tomi6fjYVOf+ytcW3dZAVr4v4Bv5gsT6dr2gvpUPJpKgHB4XbMufMsPotRE3g0XH2GwVVCkN2w6SON+Q==",
      "dependencies": [
        "@opentelemetry/api",
        "@opentelemetry/otlp-exporter-base",
        "@opentelemetry/otlp-transformer",
        "@opentelemetry/sdk-logs"
      ]
    },
    "@opentelemetry/otlp-exporter-base@0.221.0_@opentelemetry+api@1.9.0": {
      "integrity": "sha512-UFPIq80OH3Ns/oPFHRj14d4DTOxUo+MUFU8hUiCq5jTqFhdeJnfVSANHT+xp92409cA+oxzvlZCe6NM1wvCuBA==",
      "dependencies": [
        "@opentelemetry/api",
        "@opentelemetry/core",
        "@opentelemetry/otlp-transformer"
      ]
    },
    "@opentelemetry/otlp-transformer@0.221.0_@opentelemetry+api@1.9.0": {
      "integrity": "sha512-lg6lkOU08Az23jVcn/0Els9HP+V8PnR4Km6p0KgpTggS0n/WuhnmY64rSh83Of9iR9nD+dpWr6adlcX8KzAwjg==",
      "dependencies": [
        "@opentelemetry/api",
        "@opentelemetry/api-logs",
        "@opentelemetry/core",
        "@opentelemetry/resources",
        "@opentelemetry/sdk-logs",
        "@opentelemetry/sdk-metrics",
        "@opentelemetry/sdk-trace"
      ]
    },
    "@opentelemetry/resources@2.10.0_@opentelemetry+api@1.9.0": {
      "integrity": "sha512-q6MMm2zhggzsHVNbabYwut+a6nbuQQe3URUoxaojM/8K1IBfwwPzvxIjNi2/lI1TFe+fMHMW9MWhrtDLEXEnkA==",
      "dependencies": [
        "@opentelemetry/api",
        "@opentelemetry/core",
        "@opentelemetry/semantic-conventions"
      ]
    },
    "@opentelemetry/sdk-logs@0.221.0_@opentelemetry+api@1.9.0": {
      "integrity": "sha512-FaDcazjyMp7TZZZAsqbo4IkovP0UegoCu0EBkiNt+qCqvUf7FPAsfcrZ3+ZEkKgXZ/jHafop+JoGPDk3A0SmLg==",
      "dependencies": [
        "@opentelemetry/api",
        "@opentelemetry/api-logs",
        "@opentelemetry/core",
        "@opentelemetry/resources",
        "@opentelemetry/semantic-conventions"
      ]
    },
    "@opentelemetry/sdk-metrics@2.10.0_@opentelemetry+api@1.9.0": {
      "integrity": "sha512-t6r1VSvXNtSDnPXU1FbZeetJb7yyovHmgu0wRSoftxtE0g2rSNhQZQUy69sRUCL+iioJpX8SN/S6wq6ZtvLySQ==",
      "dependencies": [
        "@opentelemetry/api",
        "@opentelemetry/core",
        "@opentelemetry/resources"
      ]
    },
    "@opentelemetry/sdk-trace@2.10.0_@opentelemetry+api@1.9.0": {
      "integrity": "sha512-MfQGq3GRmTh5fM/y+OjaO0vj6+luCB1XO2gfXCalKCfgKw0eHL++sm75DNweC6ohlp+aFvACqeE0fYayqdRaoQ==",
      "dependencies": [
        "@opentelemetry/api",
        "@opentelemetry/core",
        "@opentelemetry/resources",
        "@opentelemetry/semantic-conventions"
      ]
    },
    "@opentelemetry/semantic-conventions@1.39.0": {
      "integrity": "sha512-R5R9tb2AXs2IRLNKLBJDynhkfmx7mX0vi8NkhZb3gUkPWHn6HXk5J8iQ/dql0U3ApfWym4kXXmBDRGO+oeOfjg=="
    }
  },
  "workspace": {
    "dependencies": [
      "jsr:@std/assert@^1.0.18",
      "jsr:@std/datetime@~0.225.7",
      "jsr:@std/encoding@^1.0.10",
      "jsr:@std/log@~0.224.14",
      "jsr:@std/testing@^1.0.17",
      "npm:@opentelemetry/api-logs@0.221.0",
      "npm:@opentelemetry/api@1.9.0",
      "npm:@opentelemetry/exporter-logs-otlp-http@0.221.0",
      "npm:@opentelemetry/resources@2.10.0",
      "npm:@opentelemetry/sdk-logs@0.221.0",
      "npm:@opentelemetry/semantic-conventions@1.39.0"
    ]
  }
}
