{
  "version": "5",
  "specifiers": {
    "jsr:@astral/astral@~0.5.4": "0.5.5",
    "jsr:@deno-library/progress@^1.5.1": "1.5.1",
    "jsr:@deno/cache-dir@0.22.2": "0.22.2",
    "jsr:@deno/graph@0.86": "0.86.9",
    "jsr:@std/assert@1": "1.0.16",
    "jsr:@std/assert@^1.0.15": "1.0.16",
    "jsr:@std/async@1": "1.0.16",
    "jsr:@std/async@^1.0.15": "1.0.16",
    "jsr:@std/bytes@^1.0.2": "1.0.6",
    "jsr:@std/cli@1": "1.0.25",
    "jsr:@std/data-structures@^1.0.9": "1.0.9",
    "jsr:@std/encoding@1": "1.0.10",
    "jsr:@std/fmt@1": "1.0.3",
    "jsr:@std/fmt@1.0.3": "1.0.3",
    "jsr:@std/fmt@^1.0.3": "1.0.3",
    "jsr:@std/fs@1": "1.0.19",
    "jsr:@std/fs@^1.0.19": "1.0.19",
    "jsr:@std/fs@^1.0.6": "1.0.19",
    "jsr:@std/internal@^1.0.12": "1.0.12",
    "jsr:@std/internal@^1.0.9": "1.0.12",
    "jsr:@std/io@0.225": "0.225.0",
    "jsr:@std/io@0.225.0": "0.225.0",
    "jsr:@std/path@1": "1.1.4",
    "jsr:@std/path@^1.0.8": "1.1.4",
    "jsr:@std/path@^1.1.1": "1.1.4",
    "jsr:@std/path@^1.1.2": "1.1.4",
    "jsr:@std/testing@1": "1.0.16",
    "jsr:@std/yaml@1": "1.0.10",
    "jsr:@zip-js/zip-js@^2.7.52": "2.8.8",
    "npm:@opentelemetry/api-logs@0.57.0": "0.57.0",
    "npm:@opentelemetry/exporter-logs-otlp-http@0.57.0": "0.57.0_@opentelemetry+api@1.9.0",
    "npm:@opentelemetry/resources@1.30.0": "1.30.0_@opentelemetry+api@1.9.0",
    "npm:@opentelemetry/sdk-logs@0.57.0": "0.57.0_@opentelemetry+api@1.9.0",
    "npm:@opentelemetry/semantic-conventions@1.28.0": "1.28.0"
  },
  "jsr": {
    "@astral/astral@0.5.5": {
      "integrity": "01b258a7021556f2af8526903320ea90ee5f6045771e6091529fce7822550dcb",
      "dependencies": [
        "jsr:@deno-library/progress",
        "jsr:@deno/cache-dir",
        "jsr:@std/async@1",
        "jsr:@std/encoding",
        "jsr:@std/fs@1",
        "jsr:@std/path@1",
        "jsr:@zip-js/zip-js"
      ]
    },
    "@deno-library/progress@1.5.1": {
      "integrity": "966611826b8bb27baae73ab1c4fa4317cd4edd2abb99750cd6f8488d22d5b121",
      "dependencies": [
        "jsr:@std/fmt@1.0.3",
        "jsr:@std/io@0.225.0"
      ]
    },
    "@deno/cache-dir@0.22.2": {
      "integrity": "0c84b8db6175618cc2e25ed7d7648d83b38e298c14c1aae1e4b4e1b2219b840c",
      "dependencies": [
        "jsr:@deno/graph",
        "jsr:@std/fmt@^1.0.3",
        "jsr:@std/fs@^1.0.6",
        "jsr:@std/io@0.225",
        "jsr:@std/path@^1.0.8"
      ]
    },
    "@deno/graph@0.86.9": {
      "integrity": "c4f353a695bcc5246c099602977dabc6534eacea9999a35a8cb24e807192e6a1"
    },
    "@std/assert@1.0.16": {
      "integrity": "6a7272ed1eaa77defe76e5ff63ca705d9c495077e2d5fd0126d2b53fc5bd6532",
      "dependencies": [
        "jsr:@std/internal@^1.0.12"
      ]
    },
    "@std/async@1.0.16": {
      "integrity": "6c9e43035313b67b5de43e2b3ee3eadb39a488a0a0a3143097f112e025d3ee9a"
    },
    "@std/bytes@1.0.6": {
      "integrity": "f6ac6adbd8ccd99314045f5703e23af0a68d7f7e58364b47d2c7f408aeb5820a"
    },
    "@std/cli@1.0.25": {
      "integrity": "1f85051b370c97a7a9dfc6ba626e7ed57a91bea8c081597276d1e78d929d8c91",
      "dependencies": [
        "jsr:@std/internal@^1.0.12"
      ]
    },
    "@std/data-structures@1.0.9": {
      "integrity": "033d6e17e64bf1f84a614e647c1b015fa2576ae3312305821e1a4cb20674bb4d"
    },
    "@std/encoding@1.0.10": {
      "integrity": "8783c6384a2d13abd5e9e87a7ae0520a30e9f56aeeaa3bdf910a3eaaf5c811a1"
    },
    "@std/fmt@1.0.3": {
      "integrity": "97765c16aa32245ff4e2204ecf7d8562496a3cb8592340a80e7e554e0bb9149f"
    },
    "@std/fs@1.0.19": {
      "integrity": "051968c2b1eae4d2ea9f79a08a3845740ef6af10356aff43d3e2ef11ed09fb06",
      "dependencies": [
        "jsr:@std/internal@^1.0.9",
        "jsr:@std/path@^1.1.1"
      ]
    },
    "@std/internal@1.0.12": {
      "integrity": "972a634fd5bc34b242024402972cd5143eac68d8dffaca5eaa4dba30ce17b027"
    },
    "@std/io@0.225.0": {
      "integrity": "c1db7c5e5a231629b32d64b9a53139445b2ca640d828c26bf23e1c55f8c079b3",
      "dependencies": [
        "jsr:@std/bytes"
      ]
    },
    "@std/path@1.1.4": {
      "integrity": "1d2d43f39efb1b42f0b1882a25486647cb851481862dc7313390b2bb044314b5",
      "dependencies": [
        "jsr:@std/internal@^1.0.12"
      ]
    },
    "@std/testing@1.0.16": {
      "integrity": "a917ffdeb5924c9be436dc78bc32e511760e14d3a96e49c607fc5ecca86d0092",
      "dependencies": [
        "jsr:@std/assert@^1.0.15",
        "jsr:@std/async@^1.0.15",
        "jsr:@std/data-structures",
        "jsr:@std/fs@^1.0.19",
        "jsr:@std/internal@^1.0.12",
        "jsr:@std/path@^1.1.2"
      ]
    },
    "@std/yaml@1.0.10": {
      "integrity": "245706ea3511cc50c8c6d00339c23ea2ffa27bd2c7ea5445338f8feff31fa58e"
    },
    "@zip-js/zip-js@2.8.8": {
      "integrity": "d02be7ef8707977e714cd24e045882f0b396dbcecfcabd7b591c5cdba40e47b7"
    }
  },
  "npm": {
    "@opentelemetry/api-logs@0.57.0": {
      "integrity": "sha512-l1aJ30CXeauVYaI+btiynHpw341LthkMTv3omi1VJDX14werY2Wmv9n1yudMsq9HuY0m8PvXEVX4d8zxEb+WRg==",
      "dependencies": [
        "@opentelemetry/api"
      ]
    },
    "@opentelemetry/api@1.9.0": {
      "integrity": "sha512-3giAOQvZiH5F9bMlMiv8+GSPMeqg0dbaeo58/0SlA9sxSqZhnUtxzX9/2FzyhS9sWQf5S0GJE0AKBrFqjpeYcg=="
    },
    "@opentelemetry/core@1.30.0_@opentelemetry+api@1.9.0": {
      "integrity": "sha512-Q/3u/K73KUjTCnFUP97ZY+pBjQ1kPEgjOfXj/bJl8zW7GbXdkw6cwuyZk6ZTXkVgCBsYRYUzx4fvYK1jxdb9MA==",
      "dependencies": [
        "@opentelemetry/api",
        "@opentelemetry/semantic-conventions"
      ]
    },
    "@opentelemetry/exporter-logs-otlp-http@0.57.0_@opentelemetry+api@1.9.0": {
      "integrity": "sha512-F3KfPwDheOWpwjwIZJNg9J6ULSRcw39FtQ+c/fUv5xiKE7hu96udTSUoWRmHRJDQ2x9kZLLOOUMd5U/NyP25jw==",
      "dependencies": [
        "@opentelemetry/api",
        "@opentelemetry/api-logs",
        "@opentelemetry/core",
        "@opentelemetry/otlp-exporter-base",
        "@opentelemetry/otlp-transformer",
        "@opentelemetry/sdk-logs"
      ]
    },
    "@opentelemetry/otlp-exporter-base@0.57.0_@opentelemetry+api@1.9.0": {
      "integrity": "sha512-QQl4Ngm3D6H8SDO0EM642ncTxjRsf/HDq7+IWIA0eaEK/NTsJeQ3iYJiZj3F4jkALnvyeM1kkwd+DHtqxTBx9Q==",
      "dependencies": [
        "@opentelemetry/api",
        "@opentelemetry/core",
        "@opentelemetry/otlp-transformer"
      ]
    },
    "@opentelemetry/otlp-transformer@0.57.0_@opentelemetry+api@1.9.0": {
      "integrity": "sha512-yHX7sdwkdAmSa6Jbi3caSLDWy0PCHS1pKQeKz8AIWSyQqL7IojHKgdk9A+7eRd98Z1n9YTdwWSWLnObvIqhEhQ==",
      "dependencies": [
        "@opentelemetry/api",
        "@opentelemetry/api-logs",
        "@opentelemetry/core",
        "@opentelemetry/resources",
        "@opentelemetry/sdk-logs",
        "@opentelemetry/sdk-metrics",
        "@opentelemetry/sdk-trace-base",
        "protobufjs"
      ]
    },
    "@opentelemetry/resources@1.30.0_@opentelemetry+api@1.9.0": {
      "integrity": "sha512-5mGMjL0Uld/99t7/pcd7CuVtJbkARckLVuiOX84nO8RtLtIz0/J6EOHM2TGvPZ6F4K+XjUq13gMx14w80SVCQg==",
      "dependencies": [
        "@opentelemetry/api",
        "@opentelemetry/core",
        "@opentelemetry/semantic-conventions"
      ]
    },
    "@opentelemetry/sdk-logs@0.57.0_@opentelemetry+api@1.9.0": {
      "integrity": "sha512-6Kbxdu/QE9LWH7+WSLmYo3DjAq+c55TiCLXiXu6b/2m2muy5SyOG2m0MrGqetyRpfYSSbIqHmJoqNVTN3+2a9g==",
      "dependencies": [
        "@opentelemetry/api",
        "@opentelemetry/api-logs",
        "@opentelemetry/core",
        "@opentelemetry/resources"
      ]
    },
    "@opentelemetry/sdk-metrics@1.30.0_@opentelemetry+api@1.9.0": {
      "integrity": "sha512-5kcj6APyRMvv6dEIP5plz2qfJAD4OMipBRT11u/pa1a68rHKI2Ln+iXVkAGKgx8o7CXbD7FdPypTUY88ZQgP4Q==",
      "dependencies": [
        "@opentelemetry/api",
        "@opentelemetry/core",
        "@opentelemetry/resources"
      ]
    },
    "@opentelemetry/sdk-trace-base@1.30.0_@opentelemetry+api@1.9.0": {
      "integrity": "sha512-RKQDaDIkV7PwizmHw+rE/FgfB2a6MBx+AEVVlAHXRG1YYxLiBpPX2KhmoB99R5vA4b72iJrjle68NDWnbrE9Dg==",
      "dependencies": [
        "@opentelemetry/api",
        "@opentelemetry/core",
        "@opentelemetry/resources",
        "@opentelemetry/semantic-conventions"
      ]
    },
    "@opentelemetry/semantic-conventions@1.28.0": {
      "integrity": "sha512-lp4qAiMTD4sNWW4DbKLBkfiMZ4jbAboJIGOQr5DvciMRI494OapieI9qiODpOt0XBr1LjIDy1xAGAnVs5supTA=="
    },
    "@protobufjs/aspromise@1.1.2": {
      "integrity": "sha512-j+gKExEuLmKwvz3OgROXtrJ2UG2x8Ch2YZUxahh+s1F2HZ+wAceUNLkvy6zKCPVRkU++ZWQrdxsUeQXmcg4uoQ=="
    },
    "@protobufjs/base64@1.1.2": {
      "integrity": "sha512-AZkcAA5vnN/v4PDqKyMR5lx7hZttPDgClv83E//FMNhR2TMcLUhfRUBHCmSl0oi9zMgDDqRUJkSxO3wm85+XLg=="
    },
    "@protobufjs/codegen@2.0.4": {
      "integrity": "sha512-YyFaikqM5sH0ziFZCN3xDC7zeGaB/d0IUb9CATugHWbd1FRFwWwt4ld4OYMPWu5a3Xe01mGAULCdqhMlPl29Jg=="
    },
    "@protobufjs/eventemitter@1.1.0": {
      "integrity": "sha512-j9ednRT81vYJ9OfVuXG6ERSTdEL1xVsNgqpkxMsbIabzSo3goCjDIveeGv5d03om39ML71RdmrGNjG5SReBP/Q=="
    },
    "@protobufjs/fetch@1.1.0": {
      "integrity": "sha512-lljVXpqXebpsijW71PZaCYeIcE5on1w5DlQy5WH6GLbFryLUrBD4932W/E2BSpfRJWseIL4v/KPgBFxDOIdKpQ==",
      "dependencies": [
        "@protobufjs/aspromise",
        "@protobufjs/inquire"
      ]
    },
    "@protobufjs/float@1.0.2": {
      "integrity": "sha512-Ddb+kVXlXst9d+R9PfTIxh1EdNkgoRe5tOX6t01f1lYWOvJnSPDBlG241QLzcyPdoNTsblLUdujGSE4RzrTZGQ=="
    },
    "@protobufjs/inquire@1.1.0": {
      "integrity": "sha512-kdSefcPdruJiFMVSbn801t4vFK7KB/5gd2fYvrxhuJYg8ILrmn9SKSX2tZdV6V+ksulWqS7aXjBcRXl3wHoD9Q=="
    },
    "@protobufjs/path@1.1.2": {
      "integrity": "sha512-6JOcJ5Tm08dOHAbdR3GrvP+yUUfkjG5ePsHYczMFLq3ZmMkAD98cDgcT2iA1lJ9NVwFd4tH/iSSoe44YWkltEA=="
    },
    "@protobufjs/pool@1.1.0": {
      "integrity": "sha512-0kELaGSIDBKvcgS4zkjz1PeddatrjYcmMWOlAuAPwAeccUrPHdUqo/J6LiymHHEiJT5NrF1UVwxY14f+fy4WQw=="
    },
    "@protobufjs/utf8@1.1.0": {
      "integrity": "sha512-Vvn3zZrhQZkkBE8LSuW3em98c0FwgO4nxzv6OdSxPKJIEKY2bGbHn+mhGIPerzI4twdxaP8/0+06HBpwf345Lw=="
    },
    "@types/node@24.10.1": {
      "integrity": "sha512-GNWcUTRBgIRJD5zj+Tq0fKOJ5XZajIiBroOF0yvj2bSU1WvNdYS/dn9UxwsujGW4JX06dnHyjV2y9rRaybH0iQ==",
      "dependencies": [
        "undici-types"
      ]
    },
    "long@5.3.2": {
      "integrity": "sha512-mNAgZ1GmyNhD7AuqnTG3/VQ26o760+ZYBPKjPvugO8+nLbYfX6TVpJPseBvopbdY+qpZ/lKUnmEc1LeZYS3QAA=="
    },
    "protobufjs@7.5.4": {
      "integrity": "sha512-CvexbZtbov6jW2eXAvLukXjXUW1TzFaivC46BpWc/3BpcCysb5Vffu+B3XHMm8lVEuy2Mm4XGex8hBSg1yapPg==",
      "dependencies": [
        "@protobufjs/aspromise",
        "@protobufjs/base64",
        "@protobufjs/codegen",
        "@protobufjs/eventemitter",
        "@protobufjs/fetch",
        "@protobufjs/float",
        "@protobufjs/inquire",
        "@protobufjs/path",
        "@protobufjs/pool",
        "@protobufjs/utf8",
        "@types/node",
        "long"
      ],
      "scripts": true
    },
    "undici-types@7.16.0": {
      "integrity": "sha512-Zz+aZWSj8LE6zoxD+xrjh4VfkIG8Ya6LvYkZqtUQGJPZjYl53ypCaUwWqo7eI0x66KBGeRo+mlBEkMSeSZ38Nw=="
    }
  },
  "workspace": {
    "dependencies": [
      "jsr:@astral/astral@~0.5.4",
      "jsr:@std/assert@1",
      "jsr:@std/cli@1",
      "jsr:@std/fmt@1",
      "jsr:@std/fs@1",
      "jsr:@std/path@1",
      "jsr:@std/testing@1",
      "jsr:@std/yaml@1",
      "npm:@opentelemetry/api-logs@0.57.0",
      "npm:@opentelemetry/exporter-logs-otlp-http@0.57.0",
      "npm:@opentelemetry/resources@1.30.0",
      "npm:@opentelemetry/sdk-logs@0.57.0",
      "npm:@opentelemetry/semantic-conventions@1.28.0"
    ]
  }
}
